
Microsoft Visual Studio Solution File, Format Version 12.00
# Visual Studio Version 16
VisualStudioVersion = 16.0.29709.97
MinimumVisualStudioVersion = 10.0.40219.1
Project("{9A19103F-16F7-4668-BE54-9A1E7A4F7556}") = "Mapping", "src\Mapping\Mapping.csproj", "{05068D88-F663-40E7-8694-654B193FAE1E}"
EndProject
Project("{2150E333-8FDC-42A3-9474-1A3956D46DE8}") = "build", "build", "{86A99F0E-739C-4FCF-8A55-76C1FCFF9853}"
	ProjectSection(SolutionItems) = preProject
		azure-devops-nightly.yml = azure-devops-nightly.yml
		azure-devops-release.yml = azure-devops-release.yml
		azure-pipelines-ci.yml = azure-pipelines-ci.yml
		src\Directory.Build.props = src\Directory.Build.props
		src\Directory.Build.targets = src\Directory.Build.targets
		version-variables.yml = version-variables.yml
	EndProjectSection
EndProject
Global
	GlobalSection(SolutionConfigurationPlatforms) = preSolution
		Debug|Any CPU = Debug|Any CPU
		Release|Any CPU = Release|Any CPU
	EndGlobalSection
	GlobalSection(ProjectConfigurationPlatforms) = postSolution
		{05068D88-F663-40E7-8694-654B193FAE1E}.Debug|Any CPU.ActiveCfg = Debug|Any CPU
		{05068D88-F663-40E7-8694-654B193FAE1E}.Debug|Any CPU.Build.0 = Debug|Any CPU
		{05068D88-F663-40E7-8694-654B193FAE1E}.Release|Any CPU.ActiveCfg = Release|Any CPU
		{05068D88-F663-40E7-8694-654B193FAE1E}.Release|Any CPU.Build.0 = Release|Any CPU
	EndGlobalSection
	GlobalSection(SolutionProperties) = preSolution
		HideSolutionNode = FALSE
	EndGlobalSection
	GlobalSection(ExtensibilityGlobals) = postSolution
		SolutionGuid = {A32DEE52-2181-4344-8A77-BB053E00A53E}
	EndGlobalSection
EndGlobal
